// !$*UTF8*$!
{
	archiveVersion = 1;
	classes = {
	};
	objectVersion = 51;
	objects = {

/* Begin PBXBuildFile section */
		60201DAF2671EB7A00E0E7E7 /* TrainingSession.swift in Sources */ = {isa = PBXBuildFile; fileRef = 60201DAE2671EB7A00E0E7E7 /* TrainingSession.swift */; };
		6063FE6F266E7AEE001DFEA2 /* TrainingHistoryTableViewCell.swift in Sources */ = {isa = PBXBuildFile; fileRef = 6063FE6D266E7AEE001DFEA2 /* TrainingHistoryTableViewCell.swift */; };
		6063FE70266E7AEE001DFEA2 /* TrainingHistoryTableViewCell.xib in Resources */ = {isa = PBXBuildFile; fileRef = 6063FE6E266E7AEE001DFEA2 /* TrainingHistoryTableViewCell.xib */; };
		6071B7B0267B2A2F00932374 /* Assets.xcassets in Resources */ = {isa = PBXBuildFile; fileRef = 6071B7AF267B2A2F00932374 /* Assets.xcassets */; };
		6071B7B7267B2A2F00932374 /* WatchBTS Extension.appex in Embed App Extensions */ = {isa = PBXBuildFile; fileRef = 6071B7B6267B2A2F00932374 /* WatchBTS Extension.appex */; settings = {ATTRIBUTES = (RemoveHeadersOnCopy, ); }; };
		6071B7BE267B2A2F00932374 /* ContentView.swift in Sources */ = {isa = PBXBuildFile; fileRef = 6071B7BD267B2A2F00932374 /* ContentView.swift */; };
		6071B7C0267B2A2F00932374 /* NotificationController.swift in Sources */ = {isa = PBXBuildFile; fileRef = 6071B7BF267B2A2F00932374 /* NotificationController.swift */; };
		6071B7C2267B2A2F00932374 /* NotificationView.swift in Sources */ = {isa = PBXBuildFile; fileRef = 6071B7C1267B2A2F00932374 /* NotificationView.swift */; };
		6071B7C4267B2A2F00932374 /* ComplicationController.swift in Sources */ = {isa = PBXBuildFile; fileRef = 6071B7C3267B2A2F00932374 /* ComplicationController.swift */; };
		6071B7C6267B2A3000932374 /* Assets.xcassets in Resources */ = {isa = PBXBuildFile; fileRef = 6071B7C5267B2A3000932374 /* Assets.xcassets */; };
		6071B7C9267B2A3000932374 /* Preview Assets.xcassets in Resources */ = {isa = PBXBuildFile; fileRef = 6071B7C8267B2A3000932374 /* Preview Assets.xcassets */; };
		6071B7CE267B2A3000932374 /* WatchBTS.app in Embed Watch Content */ = {isa = PBXBuildFile; fileRef = 6071B7AD267B2A2E00932374 /* WatchBTS.app */; settings = {ATTRIBUTES = (RemoveHeadersOnCopy, ); }; };
		60A0CF0C267104D000CBE0E5 /* Match.swift in Sources */ = {isa = PBXBuildFile; fileRef = 60A0CF0B267104D000CBE0E5 /* Match.swift */; };
		60E4112E266FE919006776BD /* MatchHistoryCell.swift in Sources */ = {isa = PBXBuildFile; fileRef = 60E4112C266FE919006776BD /* MatchHistoryCell.swift */; };
		60E4112F266FE919006776BD /* MatchHistoryCell.xib in Resources */ = {isa = PBXBuildFile; fileRef = 60E4112D266FE919006776BD /* MatchHistoryCell.xib */; };
		60F907CB267792E3005007D9 /* SkippingSessionViewController.swift in Sources */ = {isa = PBXBuildFile; fileRef = 60F907C9267792E3005007D9 /* SkippingSessionViewController.swift */; };
		60F907CC267792E3005007D9 /* SkippingSessionViewController.xib in Resources */ = {isa = PBXBuildFile; fileRef = 60F907CA267792E3005007D9 /* SkippingSessionViewController.xib */; };
		60F907D026779555005007D9 /* PushUpSessionViewController.xib in Resources */ = {isa = PBXBuildFile; fileRef = 60F907CE26779555005007D9 /* PushUpSessionViewController.xib */; };
		60F907D32677959F005007D9 /* MultiShuttleSessionViewController.swift in Sources */ = {isa = PBXBuildFile; fileRef = 60F907D12677959F005007D9 /* MultiShuttleSessionViewController.swift */; };
		60F907D42677959F005007D9 /* MultiShuttleSessionViewController.xib in Resources */ = {isa = PBXBuildFile; fileRef = 60F907D22677959F005007D9 /* MultiShuttleSessionViewController.xib */; };
		60F907D9267795F7005007D9 /* ShadowSessionViewController.swift in Sources */ = {isa = PBXBuildFile; fileRef = 60F907D7267795F7005007D9 /* ShadowSessionViewController.swift */; };
		60F907DA267795F7005007D9 /* ShadowSessionViewController.xib in Resources */ = {isa = PBXBuildFile; fileRef = 60F907D8267795F7005007D9 /* ShadowSessionViewController.xib */; };
		60F907DD2677964C005007D9 /* ServeSessionViewController.swift in Sources */ = {isa = PBXBuildFile; fileRef = 60F907DB2677964C005007D9 /* ServeSessionViewController.swift */; };
		60F907DE2677964C005007D9 /* ServeSessionViewController.xib in Resources */ = {isa = PBXBuildFile; fileRef = 60F907DC2677964C005007D9 /* ServeSessionViewController.xib */; };
		60FC4DD326774D0F00863CE3 /* RunningSessionViewController.swift in Sources */ = {isa = PBXBuildFile; fileRef = 60FC4DD126774D0F00863CE3 /* RunningSessionViewController.swift */; };
		60FC4DD426774D0F00863CE3 /* RunningSessionViewController.xib in Resources */ = {isa = PBXBuildFile; fileRef = 60FC4DD226774D0F00863CE3 /* RunningSessionViewController.xib */; };
		701990122677158F003FC03C /* MatchSessionTableViewCell.swift in Sources */ = {isa = PBXBuildFile; fileRef = 701990102677158F003FC03C /* MatchSessionTableViewCell.swift */; };
		701990132677158F003FC03C /* MatchSessionTableViewCell.xib in Resources */ = {isa = PBXBuildFile; fileRef = 701990112677158F003FC03C /* MatchSessionTableViewCell.xib */; };
		7023740426721804001C5E41 /* Profile.swift in Sources */ = {isa = PBXBuildFile; fileRef = 7023740326721804001C5E41 /* Profile.swift */; };
		7096EA8C266E5D0700A9D1F6 /* TextFieldTableViewCell.swift in Sources */ = {isa = PBXBuildFile; fileRef = 7096EA8A266E5D0700A9D1F6 /* TextFieldTableViewCell.swift */; };
		7096EA8D266E5D0700A9D1F6 /* TextFieldTableViewCell.xib in Resources */ = {isa = PBXBuildFile; fileRef = 7096EA8B266E5D0700A9D1F6 /* TextFieldTableViewCell.xib */; };
		70E75CF42671BCA80043CD09 /* SegmentedCtrlTableViewCell.swift in Sources */ = {isa = PBXBuildFile; fileRef = 70E75CF22671BCA80043CD09 /* SegmentedCtrlTableViewCell.swift */; };
		70E75CF52671BCA80043CD09 /* SegmentedCtrlTableViewCell.xib in Resources */ = {isa = PBXBuildFile; fileRef = 70E75CF32671BCA80043CD09 /* SegmentedCtrlTableViewCell.xib */; };
		7E24D00C2668A76700195496 /* AppDelegate.swift in Sources */ = {isa = PBXBuildFile; fileRef = 7E24D00B2668A76700195496 /* AppDelegate.swift */; };
		7E24D00E2668A76700195496 /* SceneDelegate.swift in Sources */ = {isa = PBXBuildFile; fileRef = 7E24D00D2668A76700195496 /* SceneDelegate.swift */; };
		7E24D0152668A76A00195496 /* Assets.xcassets in Resources */ = {isa = PBXBuildFile; fileRef = 7E24D0142668A76A00195496 /* Assets.xcassets */; };
		7E24D0182668A76A00195496 /* LaunchScreen.storyboard in Resources */ = {isa = PBXBuildFile; fileRef = 7E24D0162668A76A00195496 /* LaunchScreen.storyboard */; };
		7E4FB051266B88B300D0CEE2 /* TrainingCollectionCell.swift in Sources */ = {isa = PBXBuildFile; fileRef = 7E4FB04D266B88B300D0CEE2 /* TrainingCollectionCell.swift */; };
		7E4FB052266B88B300D0CEE2 /* TrainingCell.swift in Sources */ = {isa = PBXBuildFile; fileRef = 7E4FB04E266B88B300D0CEE2 /* TrainingCell.swift */; };
		7E4FB053266B88B300D0CEE2 /* TrainingCollectionCell.xib in Resources */ = {isa = PBXBuildFile; fileRef = 7E4FB04F266B88B300D0CEE2 /* TrainingCollectionCell.xib */; };
		7E4FB054266B88B300D0CEE2 /* TrainingCell.xib in Resources */ = {isa = PBXBuildFile; fileRef = 7E4FB050266B88B300D0CEE2 /* TrainingCell.xib */; };
		7E4FB056266BC1C200D0CEE2 /* Sizes.swift in Sources */ = {isa = PBXBuildFile; fileRef = 7E4FB055266BC1C200D0CEE2 /* Sizes.swift */; };
		7E4FB05A266BCD3800D0CEE2 /* RecentsCell.swift in Sources */ = {isa = PBXBuildFile; fileRef = 7E4FB058266BCD3800D0CEE2 /* RecentsCell.swift */; };
		7E4FB05B266BCD3800D0CEE2 /* RecentsCell.xib in Resources */ = {isa = PBXBuildFile; fileRef = 7E4FB059266BCD3800D0CEE2 /* RecentsCell.xib */; };
		7E4FB05E266BECA800D0CEE2 /* TrainingCategory.swift in Sources */ = {isa = PBXBuildFile; fileRef = 7E4FB05D266BECA800D0CEE2 /* TrainingCategory.swift */; };
		7E4FB060266BF48E00D0CEE2 /* Training.swift in Sources */ = {isa = PBXBuildFile; fileRef = 7E4FB05F266BF48E00D0CEE2 /* Training.swift */; };
		7E50B25F266FD1A500BAEED1 /* HomeProfileCell.swift in Sources */ = {isa = PBXBuildFile; fileRef = 7E50B25D266FD1A500BAEED1 /* HomeProfileCell.swift */; };
		7E50B260266FD1A500BAEED1 /* HomeProfileCell.xib in Resources */ = {isa = PBXBuildFile; fileRef = 7E50B25E266FD1A500BAEED1 /* HomeProfileCell.xib */; };
		7E50B262266FD30100BAEED1 /* UserProfile.swift in Sources */ = {isa = PBXBuildFile; fileRef = 7E50B261266FD30100BAEED1 /* UserProfile.swift */; };
		7E9A03E52673774C003EFF87 /* NMImageTableViewCell.swift in Sources */ = {isa = PBXBuildFile; fileRef = 7E9A03E32673774C003EFF87 /* NMImageTableViewCell.swift */; };
		7E9A03E62673774C003EFF87 /* NMImageTableViewCell.xib in Resources */ = {isa = PBXBuildFile; fileRef = 7E9A03E42673774C003EFF87 /* NMImageTableViewCell.xib */; };
		7EBF951C266B5B4E0035D9C8 /* HomeViewController.swift in Sources */ = {isa = PBXBuildFile; fileRef = 7EBF951A266B5B4E0035D9C8 /* HomeViewController.swift */; };
		7EBF951D266B5B4E0035D9C8 /* HomeViewController.xib in Resources */ = {isa = PBXBuildFile; fileRef = 7EBF951B266B5B4E0035D9C8 /* HomeViewController.xib */; };
		7EBF9520266B5D790035D9C8 /* NewTrainingViewController.swift in Sources */ = {isa = PBXBuildFile; fileRef = 7EBF951E266B5D790035D9C8 /* NewTrainingViewController.swift */; };
		7EBF9521266B5D790035D9C8 /* NewTrainingViewController.xib in Resources */ = {isa = PBXBuildFile; fileRef = 7EBF951F266B5D790035D9C8 /* NewTrainingViewController.xib */; };
		7EBF9524266B5DA20035D9C8 /* TrainingSessionViewController.swift in Sources */ = {isa = PBXBuildFile; fileRef = 7EBF9522266B5DA20035D9C8 /* TrainingSessionViewController.swift */; };
		7EBF9525266B5DA20035D9C8 /* TrainingSessionViewController.xib in Resources */ = {isa = PBXBuildFile; fileRef = 7EBF9523266B5DA20035D9C8 /* TrainingSessionViewController.xib */; };
		7EBF9528266B5DB40035D9C8 /* ProfileViewController.swift in Sources */ = {isa = PBXBuildFile; fileRef = 7EBF9526266B5DB40035D9C8 /* ProfileViewController.swift */; };
		7EBF9529266B5DB40035D9C8 /* ProfileViewController.xib in Resources */ = {isa = PBXBuildFile; fileRef = 7EBF9527266B5DB40035D9C8 /* ProfileViewController.xib */; };
		7EBF952C266B5DD80035D9C8 /* TrainingHistoryViewController.swift in Sources */ = {isa = PBXBuildFile; fileRef = 7EBF952A266B5DD80035D9C8 /* TrainingHistoryViewController.swift */; };
		7EBF952D266B5DD80035D9C8 /* TrainingHistoryViewController.xib in Resources */ = {isa = PBXBuildFile; fileRef = 7EBF952B266B5DD80035D9C8 /* TrainingHistoryViewController.xib */; };
		7EBF9530266B5E110035D9C8 /* NewMatchViewController.swift in Sources */ = {isa = PBXBuildFile; fileRef = 7EBF952E266B5E110035D9C8 /* NewMatchViewController.swift */; };
		7EBF9531266B5E110035D9C8 /* NewMatchViewController.xib in Resources */ = {isa = PBXBuildFile; fileRef = 7EBF952F266B5E110035D9C8 /* NewMatchViewController.xib */; };
		7EBF9534266B5E250035D9C8 /* MatchSessionViewController.swift in Sources */ = {isa = PBXBuildFile; fileRef = 7EBF9532266B5E250035D9C8 /* MatchSessionViewController.swift */; };
		7EBF9535266B5E250035D9C8 /* MatchSessionViewController.xib in Resources */ = {isa = PBXBuildFile; fileRef = 7EBF9533266B5E250035D9C8 /* MatchSessionViewController.xib */; };
		7EBF9538266B5E420035D9C8 /* MatchSummaryViewController.swift in Sources */ = {isa = PBXBuildFile; fileRef = 7EBF9536266B5E420035D9C8 /* MatchSummaryViewController.swift */; };
		7EBF9539266B5E420035D9C8 /* MatchSummaryViewController.xib in Resources */ = {isa = PBXBuildFile; fileRef = 7EBF9537266B5E420035D9C8 /* MatchSummaryViewController.xib */; };
		7EBF953C266B5E530035D9C8 /* MatchHistoryViewController.swift in Sources */ = {isa = PBXBuildFile; fileRef = 7EBF953A266B5E530035D9C8 /* MatchHistoryViewController.swift */; };
		7EBF953D266B5E530035D9C8 /* MatchHistoryViewController.xib in Resources */ = {isa = PBXBuildFile; fileRef = 7EBF953B266B5E530035D9C8 /* MatchHistoryViewController.xib */; };
		7EBF9545266B78E40035D9C8 /* Constants.swift in Sources */ = {isa = PBXBuildFile; fileRef = 7EBF9544266B78E40035D9C8 /* Constants.swift */; };
		7EBF954F266B82850035D9C8 /* DummyData.swift in Sources */ = {isa = PBXBuildFile; fileRef = 7EBF954E266B82850035D9C8 /* DummyData.swift */; };
		7EE3CD2D2677250500791E02 /* GoogleService-Info.plist in Resources */ = {isa = PBXBuildFile; fileRef = 7EE3CD2C2677250500791E02 /* GoogleService-Info.plist */; };
		7EE3CD2F267730AD00791E02 /* BottomCardViewController.swift in Sources */ = {isa = PBXBuildFile; fileRef = 7EE3CD2E267730AD00791E02 /* BottomCardViewController.swift */; };
		7EE3CD3326774AED00791E02 /* RunningTargetViewController.swift in Sources */ = {isa = PBXBuildFile; fileRef = 7EE3CD3126774AED00791E02 /* RunningTargetViewController.swift */; };
		7EE3CD3426774AED00791E02 /* RunningTargetViewController.xib in Resources */ = {isa = PBXBuildFile; fileRef = 7EE3CD3226774AED00791E02 /* RunningTargetViewController.xib */; };
		7EF6271926710DBF00A7D612 /* BottomCardPresentationController.swift in Sources */ = {isa = PBXBuildFile; fileRef = 7EF6271826710DBF00A7D612 /* BottomCardPresentationController.swift */; };
		7EF6271B26710E3E00A7D612 /* BottomCardView.xib in Resources */ = {isa = PBXBuildFile; fileRef = 7EF6271A26710E3E00A7D612 /* BottomCardView.xib */; };
		B8B6CD5F2678924A006E8362 /* FirestoreReferenceManager.swift in Sources */ = {isa = PBXBuildFile; fileRef = B8B6CD5E2678924A006E8362 /* FirestoreReferenceManager.swift */; };
		FAE29489CC97B62A1D41D3B4 /* Pods_BadmintonTrainingSupport.framework in Frameworks */ = {isa = PBXBuildFile; fileRef = FAF697AAC488A05F9B529E0A /* Pods_BadmintonTrainingSupport.framework */; };
/* End PBXBuildFile section */

/* Begin PBXContainerItemProxy section */
		6071B7B8267B2A2F00932374 /* PBXContainerItemProxy */ = {
			isa = PBXContainerItemProxy;
			containerPortal = 7E24D0002668A76700195496 /* Project object */;
			proxyType = 1;
			remoteGlobalIDString = 6071B7B5267B2A2F00932374;
			remoteInfo = "WatchBTS Extension";
		};
		6071B7CC267B2A3000932374 /* PBXContainerItemProxy */ = {
			isa = PBXContainerItemProxy;
			containerPortal = 7E24D0002668A76700195496 /* Project object */;
			proxyType = 1;
			remoteGlobalIDString = 6071B7AC267B2A2E00932374;
			remoteInfo = WatchBTS;
		};
/* End PBXContainerItemProxy section */

/* Begin PBXCopyFilesBuildPhase section */
		6071B7CF267B2A3000932374 /* Embed Watch Content */ = {
			isa = PBXCopyFilesBuildPhase;
			buildActionMask = 2147483647;
			dstPath = "$(CONTENTS_FOLDER_PATH)/Watch";
			dstSubfolderSpec = 16;
			files = (
				6071B7CE267B2A3000932374 /* WatchBTS.app in Embed Watch Content */,
			);
			name = "Embed Watch Content";
			runOnlyForDeploymentPostprocessing = 0;
		};
		6071B7D2267B2A3000932374 /* Embed App Extensions */ = {
			isa = PBXCopyFilesBuildPhase;
			buildActionMask = 2147483647;
			dstPath = "";
			dstSubfolderSpec = 13;
			files = (
				6071B7B7267B2A2F00932374 /* WatchBTS Extension.appex in Embed App Extensions */,
			);
			name = "Embed App Extensions";
			runOnlyForDeploymentPostprocessing = 0;
		};
/* End PBXCopyFilesBuildPhase section */

/* Begin PBXFileReference section */
		55FEF1690DBEBA70C4411FE9 /* Pods-BadmintonTrainingSupport.release.xcconfig */ = {isa = PBXFileReference; includeInIndex = 1; lastKnownFileType = text.xcconfig; name = "Pods-BadmintonTrainingSupport.release.xcconfig"; path = "Target Support Files/Pods-BadmintonTrainingSupport/Pods-BadmintonTrainingSupport.release.xcconfig"; sourceTree = "<group>"; };
		60201DAE2671EB7A00E0E7E7 /* TrainingSession.swift */ = {isa = PBXFileReference; lastKnownFileType = sourcecode.swift; path = TrainingSession.swift; sourceTree = "<group>"; };
		6063FE6D266E7AEE001DFEA2 /* TrainingHistoryTableViewCell.swift */ = {isa = PBXFileReference; lastKnownFileType = sourcecode.swift; path = TrainingHistoryTableViewCell.swift; sourceTree = "<group>"; };
		6063FE6E266E7AEE001DFEA2 /* TrainingHistoryTableViewCell.xib */ = {isa = PBXFileReference; lastKnownFileType = file.xib; path = TrainingHistoryTableViewCell.xib; sourceTree = "<group>"; };
		6071B7AD267B2A2E00932374 /* WatchBTS.app */ = {isa = PBXFileReference; explicitFileType = wrapper.application; includeInIndex = 0; path = WatchBTS.app; sourceTree = BUILT_PRODUCTS_DIR; };
		6071B7AF267B2A2F00932374 /* Assets.xcassets */ = {isa = PBXFileReference; lastKnownFileType = folder.assetcatalog; path = Assets.xcassets; sourceTree = "<group>"; };
		6071B7B1267B2A2F00932374 /* Info.plist */ = {isa = PBXFileReference; lastKnownFileType = text.plist.xml; path = Info.plist; sourceTree = "<group>"; };
		6071B7B6267B2A2F00932374 /* WatchBTS Extension.appex */ = {isa = PBXFileReference; explicitFileType = "wrapper.app-extension"; includeInIndex = 0; path = "WatchBTS Extension.appex"; sourceTree = BUILT_PRODUCTS_DIR; };
		6071B7BD267B2A2F00932374 /* ContentView.swift */ = {isa = PBXFileReference; lastKnownFileType = sourcecode.swift; path = ContentView.swift; sourceTree = "<group>"; };
		6071B7BF267B2A2F00932374 /* NotificationController.swift */ = {isa = PBXFileReference; lastKnownFileType = sourcecode.swift; path = NotificationController.swift; sourceTree = "<group>"; };
		6071B7C1267B2A2F00932374 /* NotificationView.swift */ = {isa = PBXFileReference; lastKnownFileType = sourcecode.swift; path = NotificationView.swift; sourceTree = "<group>"; };
		6071B7C3267B2A2F00932374 /* ComplicationController.swift */ = {isa = PBXFileReference; lastKnownFileType = sourcecode.swift; path = ComplicationController.swift; sourceTree = "<group>"; };
		6071B7C5267B2A3000932374 /* Assets.xcassets */ = {isa = PBXFileReference; lastKnownFileType = folder.assetcatalog; path = Assets.xcassets; sourceTree = "<group>"; };
		6071B7C8267B2A3000932374 /* Preview Assets.xcassets */ = {isa = PBXFileReference; lastKnownFileType = folder.assetcatalog; path = "Preview Assets.xcassets"; sourceTree = "<group>"; };
		6071B7CA267B2A3000932374 /* Info.plist */ = {isa = PBXFileReference; lastKnownFileType = text.plist.xml; path = Info.plist; sourceTree = "<group>"; };
		6071B7CB267B2A3000932374 /* PushNotificationPayload.apns */ = {isa = PBXFileReference; lastKnownFileType = text; path = PushNotificationPayload.apns; sourceTree = "<group>"; };
		60A0CF0B267104D000CBE0E5 /* Match.swift */ = {isa = PBXFileReference; lastKnownFileType = sourcecode.swift; path = Match.swift; sourceTree = "<group>"; };
		60E4112C266FE919006776BD /* MatchHistoryCell.swift */ = {isa = PBXFileReference; lastKnownFileType = sourcecode.swift; path = MatchHistoryCell.swift; sourceTree = "<group>"; };
		60E4112D266FE919006776BD /* MatchHistoryCell.xib */ = {isa = PBXFileReference; lastKnownFileType = file.xib; path = MatchHistoryCell.xib; sourceTree = "<group>"; };
		60F907C9267792E3005007D9 /* SkippingSessionViewController.swift */ = {isa = PBXFileReference; lastKnownFileType = sourcecode.swift; path = SkippingSessionViewController.swift; sourceTree = "<group>"; };
		60F907CA267792E3005007D9 /* SkippingSessionViewController.xib */ = {isa = PBXFileReference; lastKnownFileType = file.xib; path = SkippingSessionViewController.xib; sourceTree = "<group>"; };
		60F907CD26779555005007D9 /* PushUpSessionViewController.swift */ = {isa = PBXFileReference; lastKnownFileType = sourcecode.swift; path = PushUpSessionViewController.swift; sourceTree = "<group>"; };
		60F907CE26779555005007D9 /* PushUpSessionViewController.xib */ = {isa = PBXFileReference; lastKnownFileType = file.xib; path = PushUpSessionViewController.xib; sourceTree = "<group>"; };
		60F907D12677959F005007D9 /* MultiShuttleSessionViewController.swift */ = {isa = PBXFileReference; lastKnownFileType = sourcecode.swift; path = MultiShuttleSessionViewController.swift; sourceTree = "<group>"; };
		60F907D22677959F005007D9 /* MultiShuttleSessionViewController.xib */ = {isa = PBXFileReference; lastKnownFileType = file.xib; path = MultiShuttleSessionViewController.xib; sourceTree = "<group>"; };
		60F907D7267795F7005007D9 /* ShadowSessionViewController.swift */ = {isa = PBXFileReference; lastKnownFileType = sourcecode.swift; path = ShadowSessionViewController.swift; sourceTree = "<group>"; };
		60F907D8267795F7005007D9 /* ShadowSessionViewController.xib */ = {isa = PBXFileReference; lastKnownFileType = file.xib; path = ShadowSessionViewController.xib; sourceTree = "<group>"; };
		60F907DB2677964C005007D9 /* ServeSessionViewController.swift */ = {isa = PBXFileReference; lastKnownFileType = sourcecode.swift; path = ServeSessionViewController.swift; sourceTree = "<group>"; };
		60F907DC2677964C005007D9 /* ServeSessionViewController.xib */ = {isa = PBXFileReference; lastKnownFileType = file.xib; path = ServeSessionViewController.xib; sourceTree = "<group>"; };
		60FC4DD126774D0F00863CE3 /* RunningSessionViewController.swift */ = {isa = PBXFileReference; lastKnownFileType = sourcecode.swift; path = RunningSessionViewController.swift; sourceTree = "<group>"; };
		60FC4DD226774D0F00863CE3 /* RunningSessionViewController.xib */ = {isa = PBXFileReference; lastKnownFileType = file.xib; path = RunningSessionViewController.xib; sourceTree = "<group>"; };
		701990102677158F003FC03C /* MatchSessionTableViewCell.swift */ = {isa = PBXFileReference; lastKnownFileType = sourcecode.swift; path = MatchSessionTableViewCell.swift; sourceTree = "<group>"; };
		701990112677158F003FC03C /* MatchSessionTableViewCell.xib */ = {isa = PBXFileReference; lastKnownFileType = file.xib; path = MatchSessionTableViewCell.xib; sourceTree = "<group>"; };
		7023740326721804001C5E41 /* Profile.swift */ = {isa = PBXFileReference; lastKnownFileType = sourcecode.swift; path = Profile.swift; sourceTree = "<group>"; };
		7096EA8A266E5D0700A9D1F6 /* TextFieldTableViewCell.swift */ = {isa = PBXFileReference; lastKnownFileType = sourcecode.swift; path = TextFieldTableViewCell.swift; sourceTree = "<group>"; };
		7096EA8B266E5D0700A9D1F6 /* TextFieldTableViewCell.xib */ = {isa = PBXFileReference; lastKnownFileType = file.xib; path = TextFieldTableViewCell.xib; sourceTree = "<group>"; };
		70E75CF22671BCA80043CD09 /* SegmentedCtrlTableViewCell.swift */ = {isa = PBXFileReference; lastKnownFileType = sourcecode.swift; path = SegmentedCtrlTableViewCell.swift; sourceTree = "<group>"; };
		70E75CF32671BCA80043CD09 /* SegmentedCtrlTableViewCell.xib */ = {isa = PBXFileReference; lastKnownFileType = file.xib; path = SegmentedCtrlTableViewCell.xib; sourceTree = "<group>"; };
		7E24D0082668A76700195496 /* BadmintonTrainingSupport.app */ = {isa = PBXFileReference; explicitFileType = wrapper.application; includeInIndex = 0; path = BadmintonTrainingSupport.app; sourceTree = BUILT_PRODUCTS_DIR; };
		7E24D00B2668A76700195496 /* AppDelegate.swift */ = {isa = PBXFileReference; lastKnownFileType = sourcecode.swift; path = AppDelegate.swift; sourceTree = "<group>"; };
		7E24D00D2668A76700195496 /* SceneDelegate.swift */ = {isa = PBXFileReference; lastKnownFileType = sourcecode.swift; path = SceneDelegate.swift; sourceTree = "<group>"; };
		7E24D0142668A76A00195496 /* Assets.xcassets */ = {isa = PBXFileReference; lastKnownFileType = folder.assetcatalog; path = Assets.xcassets; sourceTree = "<group>"; };
		7E24D0172668A76A00195496 /* Base */ = {isa = PBXFileReference; lastKnownFileType = file.storyboard; name = Base; path = Base.lproj/LaunchScreen.storyboard; sourceTree = "<group>"; };
		7E24D0192668A76A00195496 /* Info.plist */ = {isa = PBXFileReference; lastKnownFileType = text.plist.xml; path = Info.plist; sourceTree = "<group>"; };
		7E4FB04D266B88B300D0CEE2 /* TrainingCollectionCell.swift */ = {isa = PBXFileReference; fileEncoding = 4; lastKnownFileType = sourcecode.swift; path = TrainingCollectionCell.swift; sourceTree = "<group>"; };
		7E4FB04E266B88B300D0CEE2 /* TrainingCell.swift */ = {isa = PBXFileReference; fileEncoding = 4; lastKnownFileType = sourcecode.swift; path = TrainingCell.swift; sourceTree = "<group>"; };
		7E4FB04F266B88B300D0CEE2 /* TrainingCollectionCell.xib */ = {isa = PBXFileReference; fileEncoding = 4; lastKnownFileType = file.xib; path = TrainingCollectionCell.xib; sourceTree = "<group>"; };
		7E4FB050266B88B300D0CEE2 /* TrainingCell.xib */ = {isa = PBXFileReference; fileEncoding = 4; lastKnownFileType = file.xib; path = TrainingCell.xib; sourceTree = "<group>"; };
		7E4FB055266BC1C200D0CEE2 /* Sizes.swift */ = {isa = PBXFileReference; lastKnownFileType = sourcecode.swift; path = Sizes.swift; sourceTree = "<group>"; };
		7E4FB058266BCD3800D0CEE2 /* RecentsCell.swift */ = {isa = PBXFileReference; lastKnownFileType = sourcecode.swift; path = RecentsCell.swift; sourceTree = "<group>"; };
		7E4FB059266BCD3800D0CEE2 /* RecentsCell.xib */ = {isa = PBXFileReference; lastKnownFileType = file.xib; path = RecentsCell.xib; sourceTree = "<group>"; };
		7E4FB05D266BECA800D0CEE2 /* TrainingCategory.swift */ = {isa = PBXFileReference; lastKnownFileType = sourcecode.swift; path = TrainingCategory.swift; sourceTree = "<group>"; };
		7E4FB05F266BF48E00D0CEE2 /* Training.swift */ = {isa = PBXFileReference; fileEncoding = 4; lastKnownFileType = sourcecode.swift; path = Training.swift; sourceTree = "<group>"; };
		7E50B25D266FD1A500BAEED1 /* HomeProfileCell.swift */ = {isa = PBXFileReference; lastKnownFileType = sourcecode.swift; path = HomeProfileCell.swift; sourceTree = "<group>"; };
		7E50B25E266FD1A500BAEED1 /* HomeProfileCell.xib */ = {isa = PBXFileReference; lastKnownFileType = file.xib; path = HomeProfileCell.xib; sourceTree = "<group>"; };
		7E50B261266FD30100BAEED1 /* UserProfile.swift */ = {isa = PBXFileReference; lastKnownFileType = sourcecode.swift; path = UserProfile.swift; sourceTree = "<group>"; };
		7E9A03E32673774C003EFF87 /* NMImageTableViewCell.swift */ = {isa = PBXFileReference; fileEncoding = 4; lastKnownFileType = sourcecode.swift; path = NMImageTableViewCell.swift; sourceTree = "<group>"; };
		7E9A03E42673774C003EFF87 /* NMImageTableViewCell.xib */ = {isa = PBXFileReference; fileEncoding = 4; lastKnownFileType = file.xib; path = NMImageTableViewCell.xib; sourceTree = "<group>"; };
		7EBF951A266B5B4E0035D9C8 /* HomeViewController.swift */ = {isa = PBXFileReference; lastKnownFileType = sourcecode.swift; path = HomeViewController.swift; sourceTree = "<group>"; };
		7EBF951B266B5B4E0035D9C8 /* HomeViewController.xib */ = {isa = PBXFileReference; lastKnownFileType = file.xib; path = HomeViewController.xib; sourceTree = "<group>"; };
		7EBF951E266B5D790035D9C8 /* NewTrainingViewController.swift */ = {isa = PBXFileReference; lastKnownFileType = sourcecode.swift; path = NewTrainingViewController.swift; sourceTree = "<group>"; };
		7EBF951F266B5D790035D9C8 /* NewTrainingViewController.xib */ = {isa = PBXFileReference; lastKnownFileType = file.xib; path = NewTrainingViewController.xib; sourceTree = "<group>"; };
		7EBF9522266B5DA20035D9C8 /* TrainingSessionViewController.swift */ = {isa = PBXFileReference; lastKnownFileType = sourcecode.swift; path = TrainingSessionViewController.swift; sourceTree = "<group>"; };
		7EBF9523266B5DA20035D9C8 /* TrainingSessionViewController.xib */ = {isa = PBXFileReference; lastKnownFileType = file.xib; path = TrainingSessionViewController.xib; sourceTree = "<group>"; };
		7EBF9526266B5DB40035D9C8 /* ProfileViewController.swift */ = {isa = PBXFileReference; lastKnownFileType = sourcecode.swift; path = ProfileViewController.swift; sourceTree = "<group>"; };
		7EBF9527266B5DB40035D9C8 /* ProfileViewController.xib */ = {isa = PBXFileReference; lastKnownFileType = file.xib; path = ProfileViewController.xib; sourceTree = "<group>"; };
		7EBF952A266B5DD80035D9C8 /* TrainingHistoryViewController.swift */ = {isa = PBXFileReference; lastKnownFileType = sourcecode.swift; path = TrainingHistoryViewController.swift; sourceTree = "<group>"; };
		7EBF952B266B5DD80035D9C8 /* TrainingHistoryViewController.xib */ = {isa = PBXFileReference; lastKnownFileType = file.xib; path = TrainingHistoryViewController.xib; sourceTree = "<group>"; };
		7EBF952E266B5E110035D9C8 /* NewMatchViewController.swift */ = {isa = PBXFileReference; lastKnownFileType = sourcecode.swift; path = NewMatchViewController.swift; sourceTree = "<group>"; };
		7EBF952F266B5E110035D9C8 /* NewMatchViewController.xib */ = {isa = PBXFileReference; lastKnownFileType = file.xib; path = NewMatchViewController.xib; sourceTree = "<group>"; };
		7EBF9532266B5E250035D9C8 /* MatchSessionViewController.swift */ = {isa = PBXFileReference; lastKnownFileType = sourcecode.swift; path = MatchSessionViewController.swift; sourceTree = "<group>"; };
		7EBF9533266B5E250035D9C8 /* MatchSessionViewController.xib */ = {isa = PBXFileReference; lastKnownFileType = file.xib; path = MatchSessionViewController.xib; sourceTree = "<group>"; };
		7EBF9536266B5E420035D9C8 /* MatchSummaryViewController.swift */ = {isa = PBXFileReference; lastKnownFileType = sourcecode.swift; path = MatchSummaryViewController.swift; sourceTree = "<group>"; };
		7EBF9537266B5E420035D9C8 /* MatchSummaryViewController.xib */ = {isa = PBXFileReference; lastKnownFileType = file.xib; path = MatchSummaryViewController.xib; sourceTree = "<group>"; };
		7EBF953A266B5E530035D9C8 /* MatchHistoryViewController.swift */ = {isa = PBXFileReference; lastKnownFileType = sourcecode.swift; path = MatchHistoryViewController.swift; sourceTree = "<group>"; };
		7EBF953B266B5E530035D9C8 /* MatchHistoryViewController.xib */ = {isa = PBXFileReference; lastKnownFileType = file.xib; path = MatchHistoryViewController.xib; sourceTree = "<group>"; };
		7EBF9544266B78E40035D9C8 /* Constants.swift */ = {isa = PBXFileReference; lastKnownFileType = sourcecode.swift; path = Constants.swift; sourceTree = "<group>"; };
		7EBF954E266B82850035D9C8 /* DummyData.swift */ = {isa = PBXFileReference; lastKnownFileType = sourcecode.swift; path = DummyData.swift; sourceTree = "<group>"; };
		7EE3CD2C2677250500791E02 /* GoogleService-Info.plist */ = {isa = PBXFileReference; fileEncoding = 4; lastKnownFileType = text.plist.xml; path = "GoogleService-Info.plist"; sourceTree = "<group>"; };
		7EE3CD2E267730AD00791E02 /* BottomCardViewController.swift */ = {isa = PBXFileReference; lastKnownFileType = sourcecode.swift; path = BottomCardViewController.swift; sourceTree = "<group>"; };
		7EE3CD3126774AED00791E02 /* RunningTargetViewController.swift */ = {isa = PBXFileReference; lastKnownFileType = sourcecode.swift; path = RunningTargetViewController.swift; sourceTree = "<group>"; };
		7EE3CD3226774AED00791E02 /* RunningTargetViewController.xib */ = {isa = PBXFileReference; lastKnownFileType = file.xib; path = RunningTargetViewController.xib; sourceTree = "<group>"; };
		7EF6271826710DBF00A7D612 /* BottomCardPresentationController.swift */ = {isa = PBXFileReference; lastKnownFileType = sourcecode.swift; path = BottomCardPresentationController.swift; sourceTree = "<group>"; };
		7EF6271A26710E3E00A7D612 /* BottomCardView.xib */ = {isa = PBXFileReference; lastKnownFileType = file.xib; path = BottomCardView.xib; sourceTree = "<group>"; };
		A3B993DF360B7C68E59C73AF /* Pods-BadmintonTrainingSupport.debug.xcconfig */ = {isa = PBXFileReference; includeInIndex = 1; lastKnownFileType = text.xcconfig; name = "Pods-BadmintonTrainingSupport.debug.xcconfig"; path = "Target Support Files/Pods-BadmintonTrainingSupport/Pods-BadmintonTrainingSupport.debug.xcconfig"; sourceTree = "<group>"; };
		B86CBDA626725E95007D2995 /* BadmintonTrainingSupport.entitlements */ = {isa = PBXFileReference; lastKnownFileType = text.plist.entitlements; path = BadmintonTrainingSupport.entitlements; sourceTree = "<group>"; };
		B8B6CD5E2678924A006E8362 /* FirestoreReferenceManager.swift */ = {isa = PBXFileReference; lastKnownFileType = sourcecode.swift; path = FirestoreReferenceManager.swift; sourceTree = "<group>"; };
		FAF697AAC488A05F9B529E0A /* Pods_BadmintonTrainingSupport.framework */ = {isa = PBXFileReference; explicitFileType = wrapper.framework; includeInIndex = 0; path = Pods_BadmintonTrainingSupport.framework; sourceTree = BUILT_PRODUCTS_DIR; };
/* End PBXFileReference section */

/* Begin PBXFrameworksBuildPhase section */
		6071B7B3267B2A2F00932374 /* Frameworks */ = {
			isa = PBXFrameworksBuildPhase;
			buildActionMask = 2147483647;
			files = (
			);
			runOnlyForDeploymentPostprocessing = 0;
		};
		7E24D0052668A76700195496 /* Frameworks */ = {
			isa = PBXFrameworksBuildPhase;
			buildActionMask = 2147483647;
			files = (
				FAE29489CC97B62A1D41D3B4 /* Pods_BadmintonTrainingSupport.framework in Frameworks */,
			);
			runOnlyForDeploymentPostprocessing = 0;
		};
/* End PBXFrameworksBuildPhase section */

/* Begin PBXGroup section */
		48CC5065EDC3C5DCBC0D74C2 /* Frameworks */ = {
			isa = PBXGroup;
			children = (
				FAF697AAC488A05F9B529E0A /* Pods_BadmintonTrainingSupport.framework */,
			);
			name = Frameworks;
			sourceTree = "<group>";
		};
		60474D142674BB52000712E7 /* Training Session */ = {
			isa = PBXGroup;
			children = (
				60FC4DD126774D0F00863CE3 /* RunningSessionViewController.swift */,
				60FC4DD226774D0F00863CE3 /* RunningSessionViewController.xib */,
				60F907C9267792E3005007D9 /* SkippingSessionViewController.swift */,
				60F907CA267792E3005007D9 /* SkippingSessionViewController.xib */,
				60F907CD26779555005007D9 /* PushUpSessionViewController.swift */,
				60F907CE26779555005007D9 /* PushUpSessionViewController.xib */,
				60F907D12677959F005007D9 /* MultiShuttleSessionViewController.swift */,
				60F907D22677959F005007D9 /* MultiShuttleSessionViewController.xib */,
				60F907D7267795F7005007D9 /* ShadowSessionViewController.swift */,
				60F907D8267795F7005007D9 /* ShadowSessionViewController.xib */,
				60F907DB2677964C005007D9 /* ServeSessionViewController.swift */,
				60F907DC2677964C005007D9 /* ServeSessionViewController.xib */,
			);
			path = "Training Session";
			sourceTree = "<group>";
		};
		6071B7AE267B2A2E00932374 /* WatchBTS */ = {
			isa = PBXGroup;
			children = (
				6071B7AF267B2A2F00932374 /* Assets.xcassets */,
				6071B7B1267B2A2F00932374 /* Info.plist */,
			);
			path = WatchBTS;
			sourceTree = "<group>";
		};
		6071B7BA267B2A2F00932374 /* WatchBTS Extension */ = {
			isa = PBXGroup;
			children = (
				6071B7BD267B2A2F00932374 /* ContentView.swift */,
				6071B7BF267B2A2F00932374 /* NotificationController.swift */,
				6071B7C1267B2A2F00932374 /* NotificationView.swift */,
				6071B7C3267B2A2F00932374 /* ComplicationController.swift */,
				6071B7C5267B2A3000932374 /* Assets.xcassets */,
				6071B7CA267B2A3000932374 /* Info.plist */,
				6071B7CB267B2A3000932374 /* PushNotificationPayload.apns */,
				6071B7C7267B2A3000932374 /* Preview Content */,
			);
			path = "WatchBTS Extension";
			sourceTree = "<group>";
		};
		6071B7C7267B2A3000932374 /* Preview Content */ = {
			isa = PBXGroup;
			children = (
				6071B7C8267B2A3000932374 /* Preview Assets.xcassets */,
			);
			path = "Preview Content";
			sourceTree = "<group>";
		};
		60A0CF0A267103CF00CBE0E5 /* Match */ = {
			isa = PBXGroup;
			children = (
				60A0CF0B267104D000CBE0E5 /* Match.swift */,
			);
			path = Match;
			sourceTree = "<group>";
		};
		60E4112A266FE5B7006776BD /* Match Table */ = {
			isa = PBXGroup;
			children = (
				60E4112C266FE919006776BD /* MatchHistoryCell.swift */,
				60E4112D266FE919006776BD /* MatchHistoryCell.xib */,
			);
			path = "Match Table";
			sourceTree = "<group>";
		};
		70199014267715AA003FC03C /* Match Session Table */ = {
			isa = PBXGroup;
			children = (
				701990102677158F003FC03C /* MatchSessionTableViewCell.swift */,
				701990112677158F003FC03C /* MatchSessionTableViewCell.xib */,
			);
			path = "Match Session Table";
			sourceTree = "<group>";
		};
		707AA4740D180275803328A3 /* Pods */ = {
			isa = PBXGroup;
			children = (
				A3B993DF360B7C68E59C73AF /* Pods-BadmintonTrainingSupport.debug.xcconfig */,
				55FEF1690DBEBA70C4411FE9 /* Pods-BadmintonTrainingSupport.release.xcconfig */,
			);
			path = Pods;
			sourceTree = "<group>";
		};
		7096EA85266E590F00A9D1F6 /* Form */ = {
			isa = PBXGroup;
			children = (
				7E9A03E32673774C003EFF87 /* NMImageTableViewCell.swift */,
				7E9A03E42673774C003EFF87 /* NMImageTableViewCell.xib */,
				7096EA8A266E5D0700A9D1F6 /* TextFieldTableViewCell.swift */,
				7096EA8B266E5D0700A9D1F6 /* TextFieldTableViewCell.xib */,
				70E75CF22671BCA80043CD09 /* SegmentedCtrlTableViewCell.swift */,
				70E75CF32671BCA80043CD09 /* SegmentedCtrlTableViewCell.xib */,
			);
			path = Form;
			sourceTree = "<group>";
		};
		7E24CFFF2668A76700195496 = {
			isa = PBXGroup;
			children = (
				7E24D00A2668A76700195496 /* BadmintonTrainingSupport */,
				6071B7AE267B2A2E00932374 /* WatchBTS */,
				6071B7BA267B2A2F00932374 /* WatchBTS Extension */,
				7E24D0092668A76700195496 /* Products */,
				707AA4740D180275803328A3 /* Pods */,
				48CC5065EDC3C5DCBC0D74C2 /* Frameworks */,
			);
			sourceTree = "<group>";
		};
		7E24D0092668A76700195496 /* Products */ = {
			isa = PBXGroup;
			children = (
				7E24D0082668A76700195496 /* BadmintonTrainingSupport.app */,
				6071B7AD267B2A2E00932374 /* WatchBTS.app */,
				6071B7B6267B2A2F00932374 /* WatchBTS Extension.appex */,
			);
			name = Products;
			sourceTree = "<group>";
		};
		7E24D00A2668A76700195496 /* BadmintonTrainingSupport */ = {
			isa = PBXGroup;
			children = (
				B86CBDA626725E95007D2995 /* BadmintonTrainingSupport.entitlements */,
				7EBF9514266B5A8D0035D9C8 /* Resources */,
				7EBF9515266B5AB00035D9C8 /* Model */,
				7EBF9519266B5B1E0035D9C8 /* Home */,
				7EBF9517266B5AE50035D9C8 /* Match */,
				7EBF9516266B5ABE0035D9C8 /* Training */,
				7EBF9518266B5B050035D9C8 /* Profile */,
				7EBF9513266B5A7F0035D9C8 /* Application */,
				7E24D0162668A76A00195496 /* LaunchScreen.storyboard */,
				7EE3CD2C2677250500791E02 /* GoogleService-Info.plist */,
				7E24D0192668A76A00195496 /* Info.plist */,
			);
			path = BadmintonTrainingSupport;
			sourceTree = "<group>";
		};
		7E4FB04C266B88B300D0CEE2 /* Training Collection */ = {
			isa = PBXGroup;
			children = (
				7E4FB04E266B88B300D0CEE2 /* TrainingCell.swift */,
				7E4FB050266B88B300D0CEE2 /* TrainingCell.xib */,
				7E4FB04D266B88B300D0CEE2 /* TrainingCollectionCell.swift */,
				7E4FB04F266B88B300D0CEE2 /* TrainingCollectionCell.xib */,
				6063FE6D266E7AEE001DFEA2 /* TrainingHistoryTableViewCell.swift */,
				6063FE6E266E7AEE001DFEA2 /* TrainingHistoryTableViewCell.xib */,
			);
			path = "Training Collection";
			sourceTree = "<group>";
		};
		7E4FB057266BCD1200D0CEE2 /* Recents */ = {
			isa = PBXGroup;
			children = (
				7E4FB058266BCD3800D0CEE2 /* RecentsCell.swift */,
				7E4FB059266BCD3800D0CEE2 /* RecentsCell.xib */,
			);
			path = Recents;
			sourceTree = "<group>";
		};
		7E4FB05C266BE42B00D0CEE2 /* Trainings */ = {
			isa = PBXGroup;
			children = (
				7E4FB05F266BF48E00D0CEE2 /* Training.swift */,
				7E4FB05D266BECA800D0CEE2 /* TrainingCategory.swift */,
				7023740326721804001C5E41 /* Profile.swift */,
				60201DAE2671EB7A00E0E7E7 /* TrainingSession.swift */,
			);
			path = Trainings;
			sourceTree = "<group>";
		};
		7EBF9513266B5A7F0035D9C8 /* Application */ = {
			isa = PBXGroup;
			children = (
				7E24D00B2668A76700195496 /* AppDelegate.swift */,
				7E24D00D2668A76700195496 /* SceneDelegate.swift */,
				7EBF9544266B78E40035D9C8 /* Constants.swift */,
				7EBF954E266B82850035D9C8 /* DummyData.swift */,
				7E4FB055266BC1C200D0CEE2 /* Sizes.swift */,
				B8B6CD5E2678924A006E8362 /* FirestoreReferenceManager.swift */,
			);
			path = Application;
			sourceTree = "<group>";
		};
		7EBF9514266B5A8D0035D9C8 /* Resources */ = {
			isa = PBXGroup;
			children = (
				7E24D0142668A76A00195496 /* Assets.xcassets */,
			);
			path = Resources;
			sourceTree = "<group>";
		};
		7EBF9515266B5AB00035D9C8 /* Model */ = {
			isa = PBXGroup;
			children = (
				60A0CF0A267103CF00CBE0E5 /* Match */,
				7E4FB05C266BE42B00D0CEE2 /* Trainings */,
				7E50B261266FD30100BAEED1 /* UserProfile.swift */,
			);
			path = Model;
			sourceTree = "<group>";
		};
		7EBF9516266B5ABE0035D9C8 /* Training */ = {
			isa = PBXGroup;
			children = (
				60474D142674BB52000712E7 /* Training Session */,
				7EE3CD3026774AC800791E02 /* Training Modules */,
				7E4FB04C266B88B300D0CEE2 /* Training Collection */,
				7EBF951E266B5D790035D9C8 /* NewTrainingViewController.swift */,
				7EBF951F266B5D790035D9C8 /* NewTrainingViewController.xib */,
				7EBF9522266B5DA20035D9C8 /* TrainingSessionViewController.swift */,
				7EBF9523266B5DA20035D9C8 /* TrainingSessionViewController.xib */,
				7EBF952A266B5DD80035D9C8 /* TrainingHistoryViewController.swift */,
				7EBF952B266B5DD80035D9C8 /* TrainingHistoryViewController.xib */,
				7EE3CD2E267730AD00791E02 /* BottomCardViewController.swift */,
				7EF6271826710DBF00A7D612 /* BottomCardPresentationController.swift */,
				7EF6271A26710E3E00A7D612 /* BottomCardView.xib */,
			);
			path = Training;
			sourceTree = "<group>";
		};
		7EBF9517266B5AE50035D9C8 /* Match */ = {
			isa = PBXGroup;
			children = (
				7096EA85266E590F00A9D1F6 /* Form */,
				60E4112A266FE5B7006776BD /* Match Table */,
				70199014267715AA003FC03C /* Match Session Table */,
				7EBF952E266B5E110035D9C8 /* NewMatchViewController.swift */,
				7EBF952F266B5E110035D9C8 /* NewMatchViewController.xib */,
				7EBF9532266B5E250035D9C8 /* MatchSessionViewController.swift */,
				7EBF9533266B5E250035D9C8 /* MatchSessionViewController.xib */,
				7EBF9536266B5E420035D9C8 /* MatchSummaryViewController.swift */,
				7EBF9537266B5E420035D9C8 /* MatchSummaryViewController.xib */,
				7EBF953A266B5E530035D9C8 /* MatchHistoryViewController.swift */,
				7EBF953B266B5E530035D9C8 /* MatchHistoryViewController.xib */,
			);
			path = Match;
			sourceTree = "<group>";
		};
		7EBF9518266B5B050035D9C8 /* Profile */ = {
			isa = PBXGroup;
			children = (
				7EBF9526266B5DB40035D9C8 /* ProfileViewController.swift */,
				7EBF9527266B5DB40035D9C8 /* ProfileViewController.xib */,
			);
			path = Profile;
			sourceTree = "<group>";
		};
		7EBF9519266B5B1E0035D9C8 /* Home */ = {
			isa = PBXGroup;
			children = (
				7E4FB057266BCD1200D0CEE2 /* Recents */,
				7EBF951A266B5B4E0035D9C8 /* HomeViewController.swift */,
				7EBF951B266B5B4E0035D9C8 /* HomeViewController.xib */,
				7E50B25D266FD1A500BAEED1 /* HomeProfileCell.swift */,
				7E50B25E266FD1A500BAEED1 /* HomeProfileCell.xib */,
			);
			path = Home;
			sourceTree = "<group>";
		};
		7EE3CD3026774AC800791E02 /* Training Modules */ = {
			isa = PBXGroup;
			children = (
				7EE3CD3126774AED00791E02 /* RunningTargetViewController.swift */,
				7EE3CD3226774AED00791E02 /* RunningTargetViewController.xib */,
			);
			path = "Training Modules";
			sourceTree = "<group>";
		};
/* End PBXGroup section */

/* Begin PBXNativeTarget section */
		6071B7AC267B2A2E00932374 /* WatchBTS */ = {
			isa = PBXNativeTarget;
			buildConfigurationList = 6071B7D6267B2A3000932374 /* Build configuration list for PBXNativeTarget "WatchBTS" */;
			buildPhases = (
				6071B7AB267B2A2E00932374 /* Resources */,
				6071B7D2267B2A3000932374 /* Embed App Extensions */,
			);
			buildRules = (
			);
			dependencies = (
				6071B7B9267B2A2F00932374 /* PBXTargetDependency */,
			);
			name = WatchBTS;
			productName = WatchBTS;
			productReference = 6071B7AD267B2A2E00932374 /* WatchBTS.app */;
			productType = "com.apple.product-type.application.watchapp2";
		};
		6071B7B5267B2A2F00932374 /* WatchBTS Extension */ = {
			isa = PBXNativeTarget;
			buildConfigurationList = 6071B7D5267B2A3000932374 /* Build configuration list for PBXNativeTarget "WatchBTS Extension" */;
			buildPhases = (
				6071B7B2267B2A2F00932374 /* Sources */,
				6071B7B3267B2A2F00932374 /* Frameworks */,
				6071B7B4267B2A2F00932374 /* Resources */,
			);
			buildRules = (
			);
			dependencies = (
			);
			name = "WatchBTS Extension";
			productName = "WatchBTS Extension";
			productReference = 6071B7B6267B2A2F00932374 /* WatchBTS Extension.appex */;
			productType = "com.apple.product-type.watchkit2-extension";
		};
		7E24D0072668A76700195496 /* BadmintonTrainingSupport */ = {
			isa = PBXNativeTarget;
			buildConfigurationList = 7E24D01C2668A76A00195496 /* Build configuration list for PBXNativeTarget "BadmintonTrainingSupport" */;
			buildPhases = (
				6F3FFFA46710000B6845ECFE /* [CP] Check Pods Manifest.lock */,
				7E24D0042668A76700195496 /* Sources */,
				7E24D0052668A76700195496 /* Frameworks */,
				7E24D0062668A76700195496 /* Resources */,
				7A2D07EFE1A5CE9B3F93F556 /* [CP] Copy Pods Resources */,
				B3F819C71FA2ED8F15C989E7 /* [CP] Embed Pods Frameworks */,
				6071B7CF267B2A3000932374 /* Embed Watch Content */,
			);
			buildRules = (
			);
			dependencies = (
				6071B7CD267B2A3000932374 /* PBXTargetDependency */,
			);
			name = BadmintonTrainingSupport;
			productName = BadmintonTrainingSupport;
			productReference = 7E24D0082668A76700195496 /* BadmintonTrainingSupport.app */;
			productType = "com.apple.product-type.application";
		};
/* End PBXNativeTarget section */

/* Begin PBXProject section */
		7E24D0002668A76700195496 /* Project object */ = {
			isa = PBXProject;
			attributes = {
				LastSwiftUpdateCheck = 1250;
				LastUpgradeCheck = 1250;
				TargetAttributes = {
					6071B7AC267B2A2E00932374 = {
						CreatedOnToolsVersion = 12.5;
					};
					6071B7B5267B2A2F00932374 = {
						CreatedOnToolsVersion = 12.5;
					};
					7E24D0072668A76700195496 = {
						CreatedOnToolsVersion = 12.5;
					};
				};
			};
			buildConfigurationList = 7E24D0032668A76700195496 /* Build configuration list for PBXProject "BadmintonTrainingSupport" */;
			compatibilityVersion = "Xcode 9.3";
			developmentRegion = en;
			hasScannedForEncodings = 0;
			knownRegions = (
				en,
				Base,
			);
			mainGroup = 7E24CFFF2668A76700195496;
			productRefGroup = 7E24D0092668A76700195496 /* Products */;
			projectDirPath = "";
			projectRoot = "";
			targets = (
				7E24D0072668A76700195496 /* BadmintonTrainingSupport */,
				6071B7AC267B2A2E00932374 /* WatchBTS */,
				6071B7B5267B2A2F00932374 /* WatchBTS Extension */,
			);
		};
/* End PBXProject section */

/* Begin PBXResourcesBuildPhase section */
		6071B7AB267B2A2E00932374 /* Resources */ = {
			isa = PBXResourcesBuildPhase;
			buildActionMask = 2147483647;
			files = (
				6071B7B0267B2A2F00932374 /* Assets.xcassets in Resources */,
			);
			runOnlyForDeploymentPostprocessing = 0;
		};
		6071B7B4267B2A2F00932374 /* Resources */ = {
			isa = PBXResourcesBuildPhase;
			buildActionMask = 2147483647;
			files = (
				6071B7C9267B2A3000932374 /* Preview Assets.xcassets in Resources */,
				6071B7C6267B2A3000932374 /* Assets.xcassets in Resources */,
			);
			runOnlyForDeploymentPostprocessing = 0;
		};
		7E24D0062668A76700195496 /* Resources */ = {
			isa = PBXResourcesBuildPhase;
			buildActionMask = 2147483647;
			files = (
				701990132677158F003FC03C /* MatchSessionTableViewCell.xib in Resources */,
				7E4FB054266B88B300D0CEE2 /* TrainingCell.xib in Resources */,
				7E9A03E62673774C003EFF87 /* NMImageTableViewCell.xib in Resources */,
				60E4112F266FE919006776BD /* MatchHistoryCell.xib in Resources */,
				7EF6271B26710E3E00A7D612 /* BottomCardView.xib in Resources */,
				7EBF9529266B5DB40035D9C8 /* ProfileViewController.xib in Resources */,
				60F907CC267792E3005007D9 /* SkippingSessionViewController.xib in Resources */,
				60F907DE2677964C005007D9 /* ServeSessionViewController.xib in Resources */,
				7EBF9531266B5E110035D9C8 /* NewMatchViewController.xib in Resources */,
				7EBF9525266B5DA20035D9C8 /* TrainingSessionViewController.xib in Resources */,
				7E4FB053266B88B300D0CEE2 /* TrainingCollectionCell.xib in Resources */,
				60FC4DD426774D0F00863CE3 /* RunningSessionViewController.xib in Resources */,
				7E24D0182668A76A00195496 /* LaunchScreen.storyboard in Resources */,
				7EBF9535266B5E250035D9C8 /* MatchSessionViewController.xib in Resources */,
				7096EA8D266E5D0700A9D1F6 /* TextFieldTableViewCell.xib in Resources */,
				60F907DA267795F7005007D9 /* ShadowSessionViewController.xib in Resources */,
				7EBF9539266B5E420035D9C8 /* MatchSummaryViewController.xib in Resources */,
				60F907D026779555005007D9 /* PushUpSessionViewController.xib in Resources */,
				7E4FB05B266BCD3800D0CEE2 /* RecentsCell.xib in Resources */,
				7E50B260266FD1A500BAEED1 /* HomeProfileCell.xib in Resources */,
				7E24D0152668A76A00195496 /* Assets.xcassets in Resources */,
				7EBF953D266B5E530035D9C8 /* MatchHistoryViewController.xib in Resources */,
				7EBF951D266B5B4E0035D9C8 /* HomeViewController.xib in Resources */,
				6063FE70266E7AEE001DFEA2 /* TrainingHistoryTableViewCell.xib in Resources */,
				7EBF9521266B5D790035D9C8 /* NewTrainingViewController.xib in Resources */,
				7EBF952D266B5DD80035D9C8 /* TrainingHistoryViewController.xib in Resources */,
				70E75CF52671BCA80043CD09 /* SegmentedCtrlTableViewCell.xib in Resources */,
				7EE3CD3426774AED00791E02 /* RunningTargetViewController.xib in Resources */,
				60F907D42677959F005007D9 /* MultiShuttleSessionViewController.xib in Resources */,
				7EE3CD2D2677250500791E02 /* GoogleService-Info.plist in Resources */,
			);
			runOnlyForDeploymentPostprocessing = 0;
		};
/* End PBXResourcesBuildPhase section */

/* Begin PBXShellScriptBuildPhase section */
		6F3FFFA46710000B6845ECFE /* [CP] Check Pods Manifest.lock */ = {
			isa = PBXShellScriptBuildPhase;
			buildActionMask = 2147483647;
			files = (
			);
			inputFileListPaths = (
			);
			inputPaths = (
				"${PODS_PODFILE_DIR_PATH}/Podfile.lock",
				"${PODS_ROOT}/Manifest.lock",
			);
			name = "[CP] Check Pods Manifest.lock";
			outputFileListPaths = (
			);
			outputPaths = (
				"$(DERIVED_FILE_DIR)/Pods-BadmintonTrainingSupport-checkManifestLockResult.txt",
			);
			runOnlyForDeploymentPostprocessing = 0;
			shellPath = /bin/sh;
			shellScript = "diff \"${PODS_PODFILE_DIR_PATH}/Podfile.lock\" \"${PODS_ROOT}/Manifest.lock\" > /dev/null\nif [ $? != 0 ] ; then\n    # print error to STDERR\n    echo \"error: The sandbox is not in sync with the Podfile.lock. Run 'pod install' or update your CocoaPods installation.\" >&2\n    exit 1\nfi\n# This output is used by Xcode 'outputs' to avoid re-running this script phase.\necho \"SUCCESS\" > \"${SCRIPT_OUTPUT_FILE_0}\"\n";
			showEnvVarsInLog = 0;
		};
		7A2D07EFE1A5CE9B3F93F556 /* [CP] Copy Pods Resources */ = {
			isa = PBXShellScriptBuildPhase;
			buildActionMask = 2147483647;
			files = (
			);
			inputFileListPaths = (
				"${PODS_ROOT}/Target Support Files/Pods-BadmintonTrainingSupport/Pods-BadmintonTrainingSupport-resources-${CONFIGURATION}-input-files.xcfilelist",
			);
			name = "[CP] Copy Pods Resources";
			outputFileListPaths = (
				"${PODS_ROOT}/Target Support Files/Pods-BadmintonTrainingSupport/Pods-BadmintonTrainingSupport-resources-${CONFIGURATION}-output-files.xcfilelist",
			);
			runOnlyForDeploymentPostprocessing = 0;
			shellPath = /bin/sh;
			shellScript = "\"${PODS_ROOT}/Target Support Files/Pods-BadmintonTrainingSupport/Pods-BadmintonTrainingSupport-resources.sh\"\n";
			showEnvVarsInLog = 0;
		};
		B3F819C71FA2ED8F15C989E7 /* [CP] Embed Pods Frameworks */ = {
			isa = PBXShellScriptBuildPhase;
			buildActionMask = 2147483647;
			files = (
			);
			inputFileListPaths = (
				"${PODS_ROOT}/Target Support Files/Pods-BadmintonTrainingSupport/Pods-BadmintonTrainingSupport-frameworks-${CONFIGURATION}-input-files.xcfilelist",
			);
			name = "[CP] Embed Pods Frameworks";
			outputFileListPaths = (
				"${PODS_ROOT}/Target Support Files/Pods-BadmintonTrainingSupport/Pods-BadmintonTrainingSupport-frameworks-${CONFIGURATION}-output-files.xcfilelist",
			);
			runOnlyForDeploymentPostprocessing = 0;
			shellPath = /bin/sh;
			shellScript = "\"${PODS_ROOT}/Target Support Files/Pods-BadmintonTrainingSupport/Pods-BadmintonTrainingSupport-frameworks.sh\"\n";
			showEnvVarsInLog = 0;
		};
/* End PBXShellScriptBuildPhase section */

/* Begin PBXSourcesBuildPhase section */
		6071B7B2267B2A2F00932374 /* Sources */ = {
			isa = PBXSourcesBuildPhase;
			buildActionMask = 2147483647;
			files = (
				6071B7C0267B2A2F00932374 /* NotificationController.swift in Sources */,
				6071B7BE267B2A2F00932374 /* ContentView.swift in Sources */,
				6071B7C4267B2A2F00932374 /* ComplicationController.swift in Sources */,
				6071B7C2267B2A2F00932374 /* NotificationView.swift in Sources */,
			);
			runOnlyForDeploymentPostprocessing = 0;
		};
		7E24D0042668A76700195496 /* Sources */ = {
			isa = PBXSourcesBuildPhase;
			buildActionMask = 2147483647;
			files = (
				B8B6CD5F2678924A006E8362 /* FirestoreReferenceManager.swift in Sources */,
				60201DAF2671EB7A00E0E7E7 /* TrainingSession.swift in Sources */,
				60F907DD2677964C005007D9 /* ServeSessionViewController.swift in Sources */,
				7EBF954F266B82850035D9C8 /* DummyData.swift in Sources */,
				7EBF9528266B5DB40035D9C8 /* ProfileViewController.swift in Sources */,
				7023740426721804001C5E41 /* Profile.swift in Sources */,
				60E4112E266FE919006776BD /* MatchHistoryCell.swift in Sources */,
				60FC4DD326774D0F00863CE3 /* RunningSessionViewController.swift in Sources */,
				7E4FB05A266BCD3800D0CEE2 /* RecentsCell.swift in Sources */,
				7EBF953C266B5E530035D9C8 /* MatchHistoryViewController.swift in Sources */,
				60F907D32677959F005007D9 /* MultiShuttleSessionViewController.swift in Sources */,
				60F907CB267792E3005007D9 /* SkippingSessionViewController.swift in Sources */,
				7E24D00C2668A76700195496 /* AppDelegate.swift in Sources */,
				701990122677158F003FC03C /* MatchSessionTableViewCell.swift in Sources */,
				7EBF9538266B5E420035D9C8 /* MatchSummaryViewController.swift in Sources */,
				7EE3CD3326774AED00791E02 /* RunningTargetViewController.swift in Sources */,
				7EBF9524266B5DA20035D9C8 /* TrainingSessionViewController.swift in Sources */,
				7E4FB051266B88B300D0CEE2 /* TrainingCollectionCell.swift in Sources */,
				7E24D00E2668A76700195496 /* SceneDelegate.swift in Sources */,
				7EBF951C266B5B4E0035D9C8 /* HomeViewController.swift in Sources */,
				6063FE6F266E7AEE001DFEA2 /* TrainingHistoryTableViewCell.swift in Sources */,
				7EF6271926710DBF00A7D612 /* BottomCardPresentationController.swift in Sources */,
				7E4FB05E266BECA800D0CEE2 /* TrainingCategory.swift in Sources */,
				60F907D9267795F7005007D9 /* ShadowSessionViewController.swift in Sources */,
				7E4FB052266B88B300D0CEE2 /* TrainingCell.swift in Sources */,
				70E75CF42671BCA80043CD09 /* SegmentedCtrlTableViewCell.swift in Sources */,
				7EBF9530266B5E110035D9C8 /* NewMatchViewController.swift in Sources */,
				7E4FB060266BF48E00D0CEE2 /* Training.swift in Sources */,
				7EBF9520266B5D790035D9C8 /* NewTrainingViewController.swift in Sources */,
				7E9A03E52673774C003EFF87 /* NMImageTableViewCell.swift in Sources */,
				7E4FB056266BC1C200D0CEE2 /* Sizes.swift in Sources */,
				7EBF9545266B78E40035D9C8 /* Constants.swift in Sources */,
				60A0CF0C267104D000CBE0E5 /* Match.swift in Sources */,
				7EBF9534266B5E250035D9C8 /* MatchSessionViewController.swift in Sources */,
				7E50B25F266FD1A500BAEED1 /* HomeProfileCell.swift in Sources */,
				7EBF952C266B5DD80035D9C8 /* TrainingHistoryViewController.swift in Sources */,
				7EE3CD2F267730AD00791E02 /* BottomCardViewController.swift in Sources */,
				7E50B262266FD30100BAEED1 /* UserProfile.swift in Sources */,
				7096EA8C266E5D0700A9D1F6 /* TextFieldTableViewCell.swift in Sources */,
			);
			runOnlyForDeploymentPostprocessing = 0;
		};
/* End PBXSourcesBuildPhase section */

/* Begin PBXTargetDependency section */
		6071B7B9267B2A2F00932374 /* PBXTargetDependency */ = {
			isa = PBXTargetDependency;
			target = 6071B7B5267B2A2F00932374 /* WatchBTS Extension */;
			targetProxy = 6071B7B8267B2A2F00932374 /* PBXContainerItemProxy */;
		};
		6071B7CD267B2A3000932374 /* PBXTargetDependency */ = {
			isa = PBXTargetDependency;
			target = 6071B7AC267B2A2E00932374 /* WatchBTS */;
			targetProxy = 6071B7CC267B2A3000932374 /* PBXContainerItemProxy */;
		};
/* End PBXTargetDependency section */

/* Begin PBXVariantGroup section */
		7E24D0162668A76A00195496 /* LaunchScreen.storyboard */ = {
			isa = PBXVariantGroup;
			children = (
				7E24D0172668A76A00195496 /* Base */,
			);
			name = LaunchScreen.storyboard;
			sourceTree = "<group>";
		};
/* End PBXVariantGroup section */

/* Begin XCBuildConfiguration section */
		6071B7D0267B2A3000932374 /* Debug */ = {
			isa = XCBuildConfiguration;
			buildSettings = {
				ALWAYS_EMBED_SWIFT_STANDARD_LIBRARIES = YES;
				ASSETCATALOG_COMPILER_APPICON_NAME = AppIcon;
				ASSETCATALOG_COMPILER_GLOBAL_ACCENT_COLOR_NAME = AccentColor;
				CODE_SIGN_IDENTITY = "Apple Development";
				CODE_SIGN_STYLE = Automatic;
				DEVELOPMENT_TEAM = W6NYRRRG5Q;
				IBSC_MODULE = WatchBTS_Extension;
				INFOPLIST_FILE = WatchBTS/Info.plist;
				PRODUCT_BUNDLE_IDENTIFIER = com.jfebrian.BadmintonTrainingSupport.watchkitapp;
				PRODUCT_NAME = "$(TARGET_NAME)";
				SDKROOT = watchos;
				SKIP_INSTALL = YES;
				SWIFT_VERSION = 5.0;
				TARGETED_DEVICE_FAMILY = 4;
				WATCHOS_DEPLOYMENT_TARGET = 7.4;
			};
			name = Debug;
		};
		6071B7D1267B2A3000932374 /* Release */ = {
			isa = XCBuildConfiguration;
			buildSettings = {
				ALWAYS_EMBED_SWIFT_STANDARD_LIBRARIES = YES;
				ASSETCATALOG_COMPILER_APPICON_NAME = AppIcon;
				ASSETCATALOG_COMPILER_GLOBAL_ACCENT_COLOR_NAME = AccentColor;
				CODE_SIGN_IDENTITY = "Apple Development";
				CODE_SIGN_STYLE = Automatic;
				DEVELOPMENT_TEAM = W6NYRRRG5Q;
				IBSC_MODULE = WatchBTS_Extension;
				INFOPLIST_FILE = WatchBTS/Info.plist;
				PRODUCT_BUNDLE_IDENTIFIER = com.jfebrian.BadmintonTrainingSupport.watchkitapp;
				PRODUCT_NAME = "$(TARGET_NAME)";
				SDKROOT = watchos;
				SKIP_INSTALL = YES;
				SWIFT_VERSION = 5.0;
				TARGETED_DEVICE_FAMILY = 4;
				WATCHOS_DEPLOYMENT_TARGET = 7.4;
			};
			name = Release;
		};
		6071B7D3267B2A3000932374 /* Debug */ = {
			isa = XCBuildConfiguration;
			buildSettings = {
				ASSETCATALOG_COMPILER_COMPLICATION_NAME = Complication;
				CODE_SIGN_STYLE = Automatic;
				DEVELOPMENT_ASSET_PATHS = "\"WatchBTS Extension/Preview Content\"";
				DEVELOPMENT_TEAM = XJ33WS9HWL;
				ENABLE_PREVIEWS = YES;
				INFOPLIST_FILE = "WatchBTS Extension/Info.plist";
				LD_RUNPATH_SEARCH_PATHS = (
					"$(inherited)",
					"@executable_path/Frameworks",
					"@executable_path/../../Frameworks",
				);
				PRODUCT_BUNDLE_IDENTIFIER = com.jfebrian.BadmintonTrainingSupport.watchkitapp.watchkitextension;
				PRODUCT_NAME = "${TARGET_NAME}";
				SDKROOT = watchos;
				SKIP_INSTALL = YES;
				SWIFT_VERSION = 5.0;
				TARGETED_DEVICE_FAMILY = 4;
				WATCHOS_DEPLOYMENT_TARGET = 7.4;
			};
			name = Debug;
		};
		6071B7D4267B2A3000932374 /* Release */ = {
			isa = XCBuildConfiguration;
			buildSettings = {
				ASSETCATALOG_COMPILER_COMPLICATION_NAME = Complication;
				CODE_SIGN_STYLE = Automatic;
				DEVELOPMENT_ASSET_PATHS = "\"WatchBTS Extension/Preview Content\"";
				DEVELOPMENT_TEAM = XJ33WS9HWL;
				ENABLE_PREVIEWS = YES;
				INFOPLIST_FILE = "WatchBTS Extension/Info.plist";
				LD_RUNPATH_SEARCH_PATHS = (
					"$(inherited)",
					"@executable_path/Frameworks",
					"@executable_path/../../Frameworks",
				);
				PRODUCT_BUNDLE_IDENTIFIER = com.jfebrian.BadmintonTrainingSupport.watchkitapp.watchkitextension;
				PRODUCT_NAME = "${TARGET_NAME}";
				SDKROOT = watchos;
				SKIP_INSTALL = YES;
				SWIFT_VERSION = 5.0;
				TARGETED_DEVICE_FAMILY = 4;
				WATCHOS_DEPLOYMENT_TARGET = 7.4;
			};
			name = Release;
		};
		7E24D01A2668A76A00195496 /* Debug */ = {
			isa = XCBuildConfiguration;
			buildSettings = {
				ALWAYS_SEARCH_USER_PATHS = NO;
				CLANG_ANALYZER_NONNULL = YES;
				CLANG_ANALYZER_NUMBER_OBJECT_CONVERSION = YES_AGGRESSIVE;
				CLANG_CXX_LANGUAGE_STANDARD = "gnu++14";
				CLANG_CXX_LIBRARY = "libc++";
				CLANG_ENABLE_MODULES = YES;
				CLANG_ENABLE_OBJC_ARC = YES;
				CLANG_ENABLE_OBJC_WEAK = YES;
				CLANG_WARN_BLOCK_CAPTURE_AUTORELEASING = YES;
				CLANG_WARN_BOOL_CONVERSION = YES;
				CLANG_WARN_COMMA = YES;
				CLANG_WARN_CONSTANT_CONVERSION = YES;
				CLANG_WARN_DEPRECATED_OBJC_IMPLEMENTATIONS = YES;
				CLANG_WARN_DIRECT_OBJC_ISA_USAGE = YES_ERROR;
				CLANG_WARN_DOCUMENTATION_COMMENTS = YES;
				CLANG_WARN_EMPTY_BODY = YES;
				CLANG_WARN_ENUM_CONVERSION = YES;
				CLANG_WARN_INFINITE_RECURSION = YES;
				CLANG_WARN_INT_CONVERSION = YES;
				CLANG_WARN_NON_LITERAL_NULL_CONVERSION = YES;
				CLANG_WARN_OBJC_IMPLICIT_RETAIN_SELF = YES;
				CLANG_WARN_OBJC_LITERAL_CONVERSION = YES;
				CLANG_WARN_OBJC_ROOT_CLASS = YES_ERROR;
				CLANG_WARN_QUOTED_INCLUDE_IN_FRAMEWORK_HEADER = YES;
				CLANG_WARN_RANGE_LOOP_ANALYSIS = YES;
				CLANG_WARN_STRICT_PROTOTYPES = YES;
				CLANG_WARN_SUSPICIOUS_MOVE = YES;
				CLANG_WARN_UNGUARDED_AVAILABILITY = YES_AGGRESSIVE;
				CLANG_WARN_UNREACHABLE_CODE = YES;
				CLANG_WARN__DUPLICATE_METHOD_MATCH = YES;
				COPY_PHASE_STRIP = NO;
				DEBUG_INFORMATION_FORMAT = dwarf;
				ENABLE_STRICT_OBJC_MSGSEND = YES;
				ENABLE_TESTABILITY = YES;
				GCC_C_LANGUAGE_STANDARD = gnu11;
				GCC_DYNAMIC_NO_PIC = NO;
				GCC_NO_COMMON_BLOCKS = YES;
				GCC_OPTIMIZATION_LEVEL = 0;
				GCC_PREPROCESSOR_DEFINITIONS = (
					"DEBUG=1",
					"$(inherited)",
				);
				GCC_WARN_64_TO_32_BIT_CONVERSION = YES;
				GCC_WARN_ABOUT_RETURN_TYPE = YES_ERROR;
				GCC_WARN_UNDECLARED_SELECTOR = YES;
				GCC_WARN_UNINITIALIZED_AUTOS = YES_AGGRESSIVE;
				GCC_WARN_UNUSED_FUNCTION = YES;
				GCC_WARN_UNUSED_VARIABLE = YES;
				IPHONEOS_DEPLOYMENT_TARGET = 14.5;
				MTL_ENABLE_DEBUG_INFO = INCLUDE_SOURCE;
				MTL_FAST_MATH = YES;
				ONLY_ACTIVE_ARCH = YES;
				SDKROOT = iphoneos;
				SWIFT_ACTIVE_COMPILATION_CONDITIONS = DEBUG;
				SWIFT_OPTIMIZATION_LEVEL = "-Onone";
			};
			name = Debug;
		};
		7E24D01B2668A76A00195496 /* Release */ = {
			isa = XCBuildConfiguration;
			buildSettings = {
				ALWAYS_SEARCH_USER_PATHS = NO;
				CLANG_ANALYZER_NONNULL = YES;
				CLANG_ANALYZER_NUMBER_OBJECT_CONVERSION = YES_AGGRESSIVE;
				CLANG_CXX_LANGUAGE_STANDARD = "gnu++14";
				CLANG_CXX_LIBRARY = "libc++";
				CLANG_ENABLE_MODULES = YES;
				CLANG_ENABLE_OBJC_ARC = YES;
				CLANG_ENABLE_OBJC_WEAK = YES;
				CLANG_WARN_BLOCK_CAPTURE_AUTORELEASING = YES;
				CLANG_WARN_BOOL_CONVERSION = YES;
				CLANG_WARN_COMMA = YES;
				CLANG_WARN_CONSTANT_CONVERSION = YES;
				CLANG_WARN_DEPRECATED_OBJC_IMPLEMENTATIONS = YES;
				CLANG_WARN_DIRECT_OBJC_ISA_USAGE = YES_ERROR;
				CLANG_WARN_DOCUMENTATION_COMMENTS = YES;
				CLANG_WARN_EMPTY_BODY = YES;
				CLANG_WARN_ENUM_CONVERSION = YES;
				CLANG_WARN_INFINITE_RECURSION = YES;
				CLANG_WARN_INT_CONVERSION = YES;
				CLANG_WARN_NON_LITERAL_NULL_CONVERSION = YES;
				CLANG_WARN_OBJC_IMPLICIT_RETAIN_SELF = YES;
				CLANG_WARN_OBJC_LITERAL_CONVERSION = YES;
				CLANG_WARN_OBJC_ROOT_CLASS = YES_ERROR;
				CLANG_WARN_QUOTED_INCLUDE_IN_FRAMEWORK_HEADER = YES;
				CLANG_WARN_RANGE_LOOP_ANALYSIS = YES;
				CLANG_WARN_STRICT_PROTOTYPES = YES;
				CLANG_WARN_SUSPICIOUS_MOVE = YES;
				CLANG_WARN_UNGUARDED_AVAILABILITY = YES_AGGRESSIVE;
				CLANG_WARN_UNREACHABLE_CODE = YES;
				CLANG_WARN__DUPLICATE_METHOD_MATCH = YES;
				COPY_PHASE_STRIP = NO;
				DEBUG_INFORMATION_FORMAT = "dwarf-with-dsym";
				ENABLE_NS_ASSERTIONS = NO;
				ENABLE_STRICT_OBJC_MSGSEND = YES;
				GCC_C_LANGUAGE_STANDARD = gnu11;
				GCC_NO_COMMON_BLOCKS = YES;
				GCC_WARN_64_TO_32_BIT_CONVERSION = YES;
				GCC_WARN_ABOUT_RETURN_TYPE = YES_ERROR;
				GCC_WARN_UNDECLARED_SELECTOR = YES;
				GCC_WARN_UNINITIALIZED_AUTOS = YES_AGGRESSIVE;
				GCC_WARN_UNUSED_FUNCTION = YES;
				GCC_WARN_UNUSED_VARIABLE = YES;
				IPHONEOS_DEPLOYMENT_TARGET = 14.5;
				MTL_ENABLE_DEBUG_INFO = NO;
				MTL_FAST_MATH = YES;
				SDKROOT = iphoneos;
				SWIFT_COMPILATION_MODE = wholemodule;
				SWIFT_OPTIMIZATION_LEVEL = "-O";
				VALIDATE_PRODUCT = YES;
			};
			name = Release;
		};
		7E24D01D2668A76A00195496 /* Debug */ = {
			isa = XCBuildConfiguration;
			baseConfigurationReference = A3B993DF360B7C68E59C73AF /* Pods-BadmintonTrainingSupport.debug.xcconfig */;
			buildSettings = {
				ASSETCATALOG_COMPILER_APPICON_NAME = AppIcon;
				ASSETCATALOG_COMPILER_GLOBAL_ACCENT_COLOR_NAME = AccentColor;
				CODE_SIGN_ENTITLEMENTS = BadmintonTrainingSupport/BadmintonTrainingSupport.entitlements;
				CODE_SIGN_IDENTITY = "Apple Development";
				CODE_SIGN_STYLE = Automatic;
				DEVELOPMENT_TEAM = W6NYRRRG5Q;
				INFOPLIST_FILE = BadmintonTrainingSupport/Info.plist;
				LD_RUNPATH_SEARCH_PATHS = (
					"$(inherited)",
					"@executable_path/Frameworks",
				);
				PRODUCT_BUNDLE_IDENTIFIER = com.jfebrian.BadmintonTrainingSupport;
				PRODUCT_NAME = "$(TARGET_NAME)";
				PROVISIONING_PROFILE_SPECIFIER = "";
				SWIFT_VERSION = 5.0;
				TARGETED_DEVICE_FAMILY = "1,2";
			};
			name = Debug;
		};
		7E24D01E2668A76A00195496 /* Release */ = {
			isa = XCBuildConfiguration;
			baseConfigurationReference = 55FEF1690DBEBA70C4411FE9 /* Pods-BadmintonTrainingSupport.release.xcconfig */;
			buildSettings = {
				ASSETCATALOG_COMPILER_APPICON_NAME = AppIcon;
				ASSETCATALOG_COMPILER_GLOBAL_ACCENT_COLOR_NAME = AccentColor;
				CODE_SIGN_ENTITLEMENTS = BadmintonTrainingSupport/BadmintonTrainingSupport.entitlements;
				CODE_SIGN_IDENTITY = "Apple Development";
				CODE_SIGN_STYLE = Automatic;
				DEVELOPMENT_TEAM = W6NYRRRG5Q;
				INFOPLIST_FILE = BadmintonTrainingSupport/Info.plist;
				LD_RUNPATH_SEARCH_PATHS = (
					"$(inherited)",
					"@executable_path/Frameworks",
				);
				PRODUCT_BUNDLE_IDENTIFIER = com.jfebrian.BadmintonTrainingSupport;
				PRODUCT_NAME = "$(TARGET_NAME)";
				PROVISIONING_PROFILE_SPECIFIER = "";
				SWIFT_VERSION = 5.0;
				TARGETED_DEVICE_FAMILY = "1,2";
			};
			name = Release;
		};
/* End XCBuildConfiguration section */

/* Begin XCConfigurationList section */
		6071B7D5267B2A3000932374 /* Build configuration list for PBXNativeTarget "WatchBTS Extension" */ = {
			isa = XCConfigurationList;
			buildConfigurations = (
				6071B7D3267B2A3000932374 /* Debug */,
				6071B7D4267B2A3000932374 /* Release */,
			);
			defaultConfigurationIsVisible = 0;
			defaultConfigurationName = Release;
		};
		6071B7D6267B2A3000932374 /* Build configuration list for PBXNativeTarget "WatchBTS" */ = {
			isa = XCConfigurationList;
			buildConfigurations = (
				6071B7D0267B2A3000932374 /* Debug */,
				6071B7D1267B2A3000932374 /* Release */,
			);
			defaultConfigurationIsVisible = 0;
			defaultConfigurationName = Release;
		};
		7E24D0032668A76700195496 /* Build configuration list for PBXProject "BadmintonTrainingSupport" */ = {
			isa = XCConfigurationList;
			buildConfigurations = (
				7E24D01A2668A76A00195496 /* Debug */,
				7E24D01B2668A76A00195496 /* Release */,
			);
			defaultConfigurationIsVisible = 0;
			defaultConfigurationName = Release;
		};
		7E24D01C2668A76A00195496 /* Build configuration list for PBXNativeTarget "BadmintonTrainingSupport" */ = {
			isa = XCConfigurationList;
			buildConfigurations = (
				7E24D01D2668A76A00195496 /* Debug */,
				7E24D01E2668A76A00195496 /* Release */,
			);
			defaultConfigurationIsVisible = 0;
			defaultConfigurationName = Release;
		};
/* End XCConfigurationList section */
	};
	rootObject = 7E24D0002668A76700195496 /* Project object */;
}
